
Microsoft Visual Studio Solution File, Format Version 12.00
# Visual Studio 14
VisualStudioVersion = 14.0.23107.0
MinimumVisualStudioVersion = 10.0.40219.1
Project("{8BC9CEB8-8B4A-11D0-8D11-00A0C91BC942}") = "1D_Combat_Sim", "1D_Combat_Sim\1D_Combat_Sim.vcxproj", "{A198A8EC-9380-4498-A5EE-94D2A65BF487}"
EndProject
Project("{8BC9CEB8-8B4A-11D0-8D11-00A0C91BC942}") = "Shop", "Shop\Shop.vcxproj", "{1FC716C2-2D48-46DC-AE88-6CF35AAC27C5}"
EndProject
Project("{8BC9CEB8-8B4A-11D0-8D11-00A0C91BC942}") = "Classes", "Classes\Classes.vcxproj", "{FE2F3C8A-4764-47D4-908D-F53A8ED515DA}"
EndProject
Project("{8BC9CEB8-8B4A-11D0-8D11-00A0C91BC942}") = "MultiArray", "MultiArray\MultiArray.vcxproj", "{285DC3C7-A388-4115-A435-00074954B02F}"
EndProject
Project("{8BC9CEB8-8B4A-11D0-8D11-00A0C91BC942}") = "ClassesInSeperateFiles", "ClassesInSeperateFiles\ClassesInSeperateFiles.vcxproj", "{8D7822DB-6C42-4AFE-8434-A9D9A0614918}"
EndProject
Project("{8BC9CEB8-8B4A-11D0-8D11-00A0C91BC942}") = "TicTacToe", "TicTacToe\TicTacToe.vcxproj", "{EAA3578E-5F55-493C-8C1F-1F635F9218C4}"
EndProject
Project("{8BC9CEB8-8B4A-11D0-8D11-00A0C91BC942}") = "TicTacToeSolution", "TicTacToeSolution\TicTacToeSolution.vcxproj", "{1124B86C-8DB9-4183-A669-6C6B1B0E33B5}"
EndProject
Project("{8BC9CEB8-8B4A-11D0-8D11-00A0C91BC942}") = "Vector", "Vector\Vector.vcxproj", "{EAFA3354-E155-4695-9F8C-ACB892A56338}"
EndProject
Global
	GlobalSection(SolutionConfigurationPlatforms) = preSolution
		Debug|x64 = Debug|x64
		Debug|x86 = Debug|x86
		Release|x64 = Release|x64
		Release|x86 = Release|x86
	EndGlobalSection
	GlobalSection(ProjectConfigurationPlatforms) = postSolution
		{A198A8EC-9380-4498-A5EE-94D2A65BF487}.Debug|x64.ActiveCfg = Debug|x64
		{A198A8EC-9380-4498-A5EE-94D2A65BF487}.Debug|x64.Build.0 = Debug|x64
		{A198A8EC-9380-4498-A5EE-94D2A65BF487}.Debug|x86.ActiveCfg = Debug|Win32
		{A198A8EC-9380-4498-A5EE-94D2A65BF487}.Debug|x86.Build.0 = Debug|Win32
		{A198A8EC-9380-4498-A5EE-94D2A65BF487}.Release|x64.ActiveCfg = Release|x64
		{A198A8EC-9380-4498-A5EE-94D2A65BF487}.Release|x64.Build.0 = Release|x64
		{A198A8EC-9380-4498-A5EE-94D2A65BF487}.Release|x86.ActiveCfg = Release|Win32
		{A198A8EC-9380-4498-A5EE-94D2A65BF487}.Release|x86.Build.0 = Release|Win32
		{1FC716C2-2D48-46DC-AE88-6CF35AAC27C5}.Debug|x64.ActiveCfg = Debug|x64
		{1FC716C2-2D48-46DC-AE88-6CF35AAC27C5}.Debug|x64.Build.0 = Debug|x64
		{1FC716C2-2D48-46DC-AE88-6CF35AAC27C5}.Debug|x86.ActiveCfg = Debug|Win32
		{1FC716C2-2D48-46DC-AE88-6CF35AAC27C5}.Debug|x86.Build.0 = Debug|Win32
		{1FC716C2-2D48-46DC-AE88-6CF35AAC27C5}.Release|x64.ActiveCfg = Release|x64
		{1FC716C2-2D48-46DC-AE88-6CF35AAC27C5}.Release|x64.Build.0 = Release|x64
		{1FC716C2-2D48-46DC-AE88-6CF35AAC27C5}.Release|x86.ActiveCfg = Release|Win32
		{1FC716C2-2D48-46DC-AE88-6CF35AAC27C5}.Release|x86.Build.0 = Release|Win32
		{FE2F3C8A-4764-47D4-908D-F53A8ED515DA}.Debug|x64.ActiveCfg = Debug|x64
		{FE2F3C8A-4764-47D4-908D-F53A8ED515DA}.Debug|x64.Build.0 = Debug|x64
		{FE2F3C8A-4764-47D4-908D-F53A8ED515DA}.Debug|x86.ActiveCfg = Debug|Win32
		{FE2F3C8A-4764-47D4-908D-F53A8ED515DA}.Debug|x86.Build.0 = Debug|Win32
		{FE2F3C8A-4764-47D4-908D-F53A8ED515DA}.Release|x64.ActiveCfg = Release|x64
		{FE2F3C8A-4764-47D4-908D-F53A8ED515DA}.Release|x64.Build.0 = Release|x64
		{FE2F3C8A-4764-47D4-908D-F53A8ED515DA}.Release|x86.ActiveCfg = Release|Win32
		{FE2F3C8A-4764-47D4-908D-F53A8ED515DA}.Release|x86.Build.0 = Release|Win32
		{285DC3C7-A388-4115-A435-00074954B02F}.Debug|x64.ActiveCfg = Debug|x64
		{285DC3C7-A388-4115-A435-00074954B02F}.Debug|x64.Build.0 = Debug|x64
		{285DC3C7-A388-4115-A435-00074954B02F}.Debug|x86.ActiveCfg = Debug|Win32
		{285DC3C7-A388-4115-A435-00074954B02F}.Debug|x86.Build.0 = Debug|Win32
		{285DC3C7-A388-4115-A435-00074954B02F}.Release|x64.ActiveCfg = Release|x64
		{285DC3C7-A388-4115-A435-00074954B02F}.Release|x64.Build.0 = Release|x64
		{285DC3C7-A388-4115-A435-00074954B02F}.Release|x86.ActiveCfg = Release|Win32
		{285DC3C7-A388-4115-A435-00074954B02F}.Release|x86.Build.0 = Release|Win32
		{8D7822DB-6C42-4AFE-8434-A9D9A0614918}.Debug|x64.ActiveCfg = Debug|x64
		{8D7822DB-6C42-4AFE-8434-A9D9A0614918}.Debug|x64.Build.0 = Debug|x64
		{8D7822DB-6C42-4AFE-8434-A9D9A0614918}.Debug|x86.ActiveCfg = Debug|Win32
		{8D7822DB-6C42-4AFE-8434-A9D9A0614918}.Debug|x86.Build.0 = Debug|Win32
		{8D7822DB-6C42-4AFE-8434-A9D9A0614918}.Release|x64.ActiveCfg = Release|x64
		{8D7822DB-6C42-4AFE-8434-A9D9A0614918}.Release|x64.Build.0 = Release|x64
		{8D7822DB-6C42-4AFE-8434-A9D9A0614918}.Release|x86.ActiveCfg = Release|Win32
		{8D7822DB-6C42-4AFE-8434-A9D9A0614918}.Release|x86.Build.0 = Release|Win32
		{EAA3578E-5F55-493C-8C1F-1F635F9218C4}.Debug|x64.ActiveCfg = Debug|x64
		{EAA3578E-5F55-493C-8C1F-1F635F9218C4}.Debug|x64.Build.0 = Debug|x64
		{EAA3578E-5F55-493C-8C1F-1F635F9218C4}.Debug|x86.ActiveCfg = Debug|Win32
		{EAA3578E-5F55-493C-8C1F-1F635F9218C4}.Debug|x86.Build.0 = Debug|Win32
		{EAA3578E-5F55-493C-8C1F-1F635F9218C4}.Release|x64.ActiveCfg = Release|x64
		{EAA3578E-5F55-493C-8C1F-1F635F9218C4}.Release|x64.Build.0 = Release|x64
		{EAA3578E-5F55-493C-8C1F-1F635F9218C4}.Release|x86.ActiveCfg = Release|Win32
		{EAA3578E-5F55-493C-8C1F-1F635F9218C4}.Release|x86.Build.0 = Release|Win32
		{1124B86C-8DB9-4183-A669-6C6B1B0E33B5}.Debug|x64.ActiveCfg = Debug|x64
		{1124B86C-8DB9-4183-A669-6C6B1B0E33B5}.Debug|x64.Build.0 = Debug|x64
		{1124B86C-8DB9-4183-A669-6C6B1B0E33B5}.Debug|x86.ActiveCfg = Debug|Win32
		{1124B86C-8DB9-4183-A669-6C6B1B0E33B5}.Debug|x86.Build.0 = Debug|Win32
		{1124B86C-8DB9-4183-A669-6C6B1B0E33B5}.Release|x64.ActiveCfg = Release|x64
		{1124B86C-8DB9-4183-A669-6C6B1B0E33B5}.Release|x64.Build.0 = Release|x64
		{1124B86C-8DB9-4183-A669-6C6B1B0E33B5}.Release|x86.ActiveCfg = Release|Win32
		{1124B86C-8DB9-4183-A669-6C6B1B0E33B5}.Release|x86.Build.0 = Release|Win32
		{EAFA3354-E155-4695-9F8C-ACB892A56338}.Debug|x64.ActiveCfg = Debug|x64
		{EAFA3354-E155-4695-9F8C-ACB892A56338}.Debug|x64.Build.0 = Debug|x64
		{EAFA3354-E155-4695-9F8C-ACB892A56338}.Debug|x86.ActiveCfg = Debug|Win32
		{EAFA3354-E155-4695-9F8C-ACB892A56338}.Debug|x86.Build.0 = Debug|Win32
		{EAFA3354-E155-4695-9F8C-ACB892A56338}.Release|x64.ActiveCfg = Release|x64
		{EAFA3354-E155-4695-9F8C-ACB892A56338}.Release|x64.Build.0 = Release|x64
		{EAFA3354-E155-4695-9F8C-ACB892A56338}.Release|x86.ActiveCfg = Release|Win32
		{EAFA3354-E155-4695-9F8C-ACB892A56338}.Release|x86.Build.0 = Release|Win32
	EndGlobalSection
	GlobalSection(SolutionProperties) = preSolution
		HideSolutionNode = FALSE
	EndGlobalSection
EndGlobal
